
Microsoft Visual Studio Solution File, Format Version 12.00
# Visual Studio Version 17
VisualStudioVersion = 17.3.32929.385
MinimumVisualStudioVersion = 10.0.40219.1
Project("{8BC9CEB8-8B4A-11D0-8D11-00A0C91BC942}") = "zad3_1", "zad3_1\zad3_1.vcxproj", "{98D4BB65-4804-49A3-AE60-0B22BC51B17B}"
EndProject
Global
	GlobalSection(SolutionConfigurationPlatforms) = preSolution
		Debug|x64 = Debug|x64
		Debug|x86 = Debug|x86
		Release|x64 = Release|x64
		Release|x86 = Release|x86
	EndGlobalSection
	GlobalSection(ProjectConfigurationPlatforms) = postSolution
		{98D4BB65-4804-49A3-AE60-0B22BC51B17B}.Debug|x64.ActiveCfg = Debug|x64
		{98D4BB65-4804-49A3-AE60-0B22BC51B17B}.Debug|x64.Build.0 = Debug|x64
		{98D4BB65-4804-49A3-AE60-0B22BC51B17B}.Debug|x86.ActiveCfg = Debug|Win32
		{98D4BB65-4804-49A3-AE60-0B22BC51B17B}.Debug|x86.Build.0 = Debug|Win32
		{98D4BB65-4804-49A3-AE60-0B22BC51B17B}.Release|x64.ActiveCfg = Release|x64
		{98D4BB65-4804-49A3-AE60-0B22BC51B17B}.Release|x64.Build.0 = Release|x64
		{98D4BB65-4804-49A3-AE60-0B22BC51B17B}.Release|x86.ActiveCfg = Release|Win32
		{98D4BB65-4804-49A3-AE60-0B22BC51B17B}.Release|x86.Build.0 = Release|Win32
	EndGlobalSection
	GlobalSection(SolutionProperties) = preSolution
		HideSolutionNode = FALSE
	EndGlobalSection
	GlobalSection(ExtensibilityGlobals) = postSolution
		SolutionGuid = {CBDD1490-8AF8-4476-9BCF-F18CB09F3523}
	EndGlobalSection
EndGlobal
